
Microsoft Visual Studio Solution File, Format Version 11.00
# Visual Studio 2010
Project("{8BC9CEB8-8B4A-11D0-8D11-00A0C91BC942}") = "spissstrangeattractorxor", "spissstrangeattractorxor.vcxproj", "{AD7E2265-F8C2-402A-90BA-C211BA7A98AE}"
EndProject
Global
	GlobalSection(SolutionConfigurationPlatforms) = preSolution
		Debug|Win32 = Debug|Win32
		Release|Win32 = Release|Win32
	EndGlobalSection
	GlobalSection(ProjectConfigurationPlatforms) = postSolution
		{AD7E2265-F8C2-402A-90BA-C211BA7A98AE}.Debug|Win32.ActiveCfg = Debug|Win32
		{AD7E2265-F8C2-402A-90BA-C211BA7A98AE}.Debug|Win32.Build.0 = Debug|Win32
		{AD7E2265-F8C2-402A-90BA-C211BA7A98AE}.Release|Win32.ActiveCfg = Release|Win32
		{AD7E2265-F8C2-402A-90BA-C211BA7A98AE}.Release|Win32.Build.0 = Release|Win32
	EndGlobalSection
	GlobalSection(SolutionProperties) = preSolution
		HideSolutionNode = FALSE
	EndGlobalSection
EndGlobal
